// !$*UTF8*$!
{
	archiveVersion = 1;
	classes = {
	};
	objectVersion = 50;
	objects = {

/* Begin PBXBuildFile section */
		419ED574EFC498B65C0534AE /* Pods_Main.framework in Frameworks */ = {isa = PBXBuildFile; fileRef = 3C1BBB1DD1F63C1D48EE9DD9 /* Pods_Main.framework */; };
		B3C1E1402219E37800639EB2 /* AppDelegate.swift in Sources */ = {isa = PBXBuildFile; fileRef = B3C1E13F2219E37800639EB2 /* AppDelegate.swift */; };
		B3C1E1422219E37800639EB2 /* ViewController.swift in Sources */ = {isa = PBXBuildFile; fileRef = B3C1E1412219E37800639EB2 /* ViewController.swift */; };
		B3C1E1452219E37800639EB2 /* Main.storyboard in Resources */ = {isa = PBXBuildFile; fileRef = B3C1E1432219E37800639EB2 /* Main.storyboard */; };
		B3C1E1472219E37900639EB2 /* Assets.xcassets in Resources */ = {isa = PBXBuildFile; fileRef = B3C1E1462219E37900639EB2 /* Assets.xcassets */; };
		B3C1E14A2219E37900639EB2 /* LaunchScreen.storyboard in Resources */ = {isa = PBXBuildFile; fileRef = B3C1E1482219E37900639EB2 /* LaunchScreen.storyboard */; };
		B3C1E1552219E37900639EB2 /* MainTests.swift in Sources */ = {isa = PBXBuildFile; fileRef = B3C1E1542219E37900639EB2 /* MainTests.swift */; };
		B3FF9072221A0A3B00E305C4 /* MainModule.swift in Sources */ = {isa = PBXBuildFile; fileRef = B3FF9071221A0A3B00E305C4 /* MainModule.swift */; };
		E39247D9112632915B03DE60 /* Pods_MainTests.framework in Frameworks */ = {isa = PBXBuildFile; fileRef = 757C8575B28B8092C4D3DA5D /* Pods_MainTests.framework */; };
/* End PBXBuildFile section */

/* Begin PBXContainerItemProxy section */
		B3C1E1512219E37900639EB2 /* PBXContainerItemProxy */ = {
			isa = PBXContainerItemProxy;
			containerPortal = B3C1E1342219E37800639EB2 /* Project object */;
			proxyType = 1;
			remoteGlobalIDString = B3C1E13B2219E37800639EB2;
			remoteInfo = Main;
		};
/* End PBXContainerItemProxy section */

/* Begin PBXFileReference section */
		024136CB0B6F764ADDB86579 /* Pods-Main.release.xcconfig */ = {isa = PBXFileReference; includeInIndex = 1; lastKnownFileType = text.xcconfig; name = "Pods-Main.release.xcconfig"; path = "Target Support Files/Pods-Main/Pods-Main.release.xcconfig"; sourceTree = "<group>"; };
		3C1BBB1DD1F63C1D48EE9DD9 /* Pods_Main.framework */ = {isa = PBXFileReference; explicitFileType = wrapper.framework; includeInIndex = 0; path = Pods_Main.framework; sourceTree = BUILT_PRODUCTS_DIR; };
		5C0EB93CC60B6F778614370B /* Pods-MainTests.release.xcconfig */ = {isa = PBXFileReference; includeInIndex = 1; lastKnownFileType = text.xcconfig; name = "Pods-MainTests.release.xcconfig"; path = "Target Support Files/Pods-MainTests/Pods-MainTests.release.xcconfig"; sourceTree = "<group>"; };
		757C8575B28B8092C4D3DA5D /* Pods_MainTests.framework */ = {isa = PBXFileReference; explicitFileType = wrapper.framework; includeInIndex = 0; path = Pods_MainTests.framework; sourceTree = BUILT_PRODUCTS_DIR; };
		8371EA950B0974049FF5D4B6 /* Pods-Main.debug.xcconfig */ = {isa = PBXFileReference; includeInIndex = 1; lastKnownFileType = text.xcconfig; name = "Pods-Main.debug.xcconfig"; path = "Target Support Files/Pods-Main/Pods-Main.debug.xcconfig"; sourceTree = "<group>"; };
		B3C1E13C2219E37800639EB2 /* Main.app */ = {isa = PBXFileReference; explicitFileType = wrapper.application; includeInIndex = 0; path = Main.app; sourceTree = BUILT_PRODUCTS_DIR; };
		B3C1E13F2219E37800639EB2 /* AppDelegate.swift */ = {isa = PBXFileReference; lastKnownFileType = sourcecode.swift; path = AppDelegate.swift; sourceTree = "<group>"; };
		B3C1E1412219E37800639EB2 /* ViewController.swift */ = {isa = PBXFileReference; lastKnownFileType = sourcecode.swift; path = ViewController.swift; sourceTree = "<group>"; };
		B3C1E1442219E37800639EB2 /* Base */ = {isa = PBXFileReference; lastKnownFileType = file.storyboard; name = Base; path = Base.lproj/Main.storyboard; sourceTree = "<group>"; };
		B3C1E1462219E37900639EB2 /* Assets.xcassets */ = {isa = PBXFileReference; lastKnownFileType = folder.assetcatalog; path = Assets.xcassets; sourceTree = "<group>"; };
		B3C1E1492219E37900639EB2 /* Base */ = {isa = PBXFileReference; lastKnownFileType = file.storyboard; name = Base; path = Base.lproj/LaunchScreen.storyboard; sourceTree = "<group>"; };
		B3C1E14B2219E37900639EB2 /* Info.plist */ = {isa = PBXFileReference; lastKnownFileType = text.plist.xml; path = Info.plist; sourceTree = "<group>"; };
		B3C1E1502219E37900639EB2 /* MainTests.xctest */ = {isa = PBXFileReference; explicitFileType = wrapper.cfbundle; includeInIndex = 0; path = MainTests.xctest; sourceTree = BUILT_PRODUCTS_DIR; };
		B3C1E1542219E37900639EB2 /* MainTests.swift */ = {isa = PBXFileReference; lastKnownFileType = sourcecode.swift; path = MainTests.swift; sourceTree = "<group>"; };
		B3C1E1562219E37900639EB2 /* Info.plist */ = {isa = PBXFileReference; lastKnownFileType = text.plist.xml; path = Info.plist; sourceTree = "<group>"; };
		B3FF9071221A0A3B00E305C4 /* MainModule.swift */ = {isa = PBXFileReference; lastKnownFileType = sourcecode.swift; path = MainModule.swift; sourceTree = "<group>"; };
		C65732689064406EC9154483 /* Pods-MainTests.debug.xcconfig */ = {isa = PBXFileReference; includeInIndex = 1; lastKnownFileType = text.xcconfig; name = "Pods-MainTests.debug.xcconfig"; path = "Target Support Files/Pods-MainTests/Pods-MainTests.debug.xcconfig"; sourceTree = "<group>"; };
/* End PBXFileReference section */

/* Begin PBXFrameworksBuildPhase section */
		B3C1E1392219E37800639EB2 /* Frameworks */ = {
			isa = PBXFrameworksBuildPhase;
			buildActionMask = 2147483647;
			files = (
				419ED574EFC498B65C0534AE /* Pods_Main.framework in Frameworks */,
			);
			runOnlyForDeploymentPostprocessing = 0;
		};
		B3C1E14D2219E37900639EB2 /* Frameworks */ = {
			isa = PBXFrameworksBuildPhase;
			buildActionMask = 2147483647;
			files = (
				E39247D9112632915B03DE60 /* Pods_MainTests.framework in Frameworks */,
			);
			runOnlyForDeploymentPostprocessing = 0;
		};
/* End PBXFrameworksBuildPhase section */

/* Begin PBXGroup section */
		8938795AE9BE51CE1F2B4F2D /* Frameworks */ = {
			isa = PBXGroup;
			children = (
				3C1BBB1DD1F63C1D48EE9DD9 /* Pods_Main.framework */,
				757C8575B28B8092C4D3DA5D /* Pods_MainTests.framework */,
			);
			name = Frameworks;
			sourceTree = "<group>";
		};
		A06906D5367FFE62A65912E6 /* Pods */ = {
			isa = PBXGroup;
			children = (
				8371EA950B0974049FF5D4B6 /* Pods-Main.debug.xcconfig */,
				024136CB0B6F764ADDB86579 /* Pods-Main.release.xcconfig */,
				C65732689064406EC9154483 /* Pods-MainTests.debug.xcconfig */,
				5C0EB93CC60B6F778614370B /* Pods-MainTests.release.xcconfig */,
			);
			path = Pods;
			sourceTree = "<group>";
		};
		B3C1E1332219E37800639EB2 = {
			isa = PBXGroup;
			children = (
				B3C1E13E2219E37800639EB2 /* Main */,
				B3C1E1532219E37900639EB2 /* MainTests */,
				B3C1E13D2219E37800639EB2 /* Products */,
				A06906D5367FFE62A65912E6 /* Pods */,
				8938795AE9BE51CE1F2B4F2D /* Frameworks */,
			);
			sourceTree = "<group>";
		};
		B3C1E13D2219E37800639EB2 /* Products */ = {
			isa = PBXGroup;
			children = (
				B3C1E13C2219E37800639EB2 /* Main.app */,
				B3C1E1502219E37900639EB2 /* MainTests.xctest */,
			);
			name = Products;
			sourceTree = "<group>";
		};
		B3C1E13E2219E37800639EB2 /* Main */ = {
			isa = PBXGroup;
			children = (
				B3FF9071221A0A3B00E305C4 /* MainModule.swift */,
				B3C1E13F2219E37800639EB2 /* AppDelegate.swift */,
				B3C1E1412219E37800639EB2 /* ViewController.swift */,
				B3C1E1432219E37800639EB2 /* Main.storyboard */,
				B3C1E1462219E37900639EB2 /* Assets.xcassets */,
				B3C1E1482219E37900639EB2 /* LaunchScreen.storyboard */,
				B3C1E14B2219E37900639EB2 /* Info.plist */,
			);
			path = Main;
			sourceTree = "<group>";
		};
		B3C1E1532219E37900639EB2 /* MainTests */ = {
			isa = PBXGroup;
			children = (
				B3C1E1542219E37900639EB2 /* MainTests.swift */,
				B3C1E1562219E37900639EB2 /* Info.plist */,
			);
			path = MainTests;
			sourceTree = "<group>";
		};
/* End PBXGroup section */

/* Begin PBXNativeTarget section */
		B3C1E13B2219E37800639EB2 /* Main */ = {
			isa = PBXNativeTarget;
			buildConfigurationList = B3C1E1592219E37900639EB2 /* Build configuration list for PBXNativeTarget "Main" */;
			buildPhases = (
				FDC71C896011B0D82E725D29 /* [CP] Check Pods Manifest.lock */,
				B3C1E1382219E37800639EB2 /* Sources */,
				B3C1E1392219E37800639EB2 /* Frameworks */,
				B3C1E13A2219E37800639EB2 /* Resources */,
				0BFFC5DAFEAF0E25D9A3D5BC /* [CP] Embed Pods Frameworks */,
			);
			buildRules = (
			);
			dependencies = (
			);
			name = Main;
			productName = Main;
			productReference = B3C1E13C2219E37800639EB2 /* Main.app */;
			productType = "com.apple.product-type.application";
		};
		B3C1E14F2219E37900639EB2 /* MainTests */ = {
			isa = PBXNativeTarget;
			buildConfigurationList = B3C1E15C2219E37900639EB2 /* Build configuration list for PBXNativeTarget "MainTests" */;
			buildPhases = (
				E33E72FD5B8E966D5FE83149 /* [CP] Check Pods Manifest.lock */,
				B3C1E14C2219E37900639EB2 /* Sources */,
				B3C1E14D2219E37900639EB2 /* Frameworks */,
				B3C1E14E2219E37900639EB2 /* Resources */,
				1085384EF1E6F6BDE03C3127 /* [CP] Embed Pods Frameworks */,
			);
			buildRules = (
			);
			dependencies = (
				B3C1E1522219E37900639EB2 /* PBXTargetDependency */,
			);
			name = MainTests;
			productName = MainTests;
			productReference = B3C1E1502219E37900639EB2 /* MainTests.xctest */;
			productType = "com.apple.product-type.bundle.unit-test";
		};
/* End PBXNativeTarget section */

/* Begin PBXProject section */
		B3C1E1342219E37800639EB2 /* Project object */ = {
			isa = PBXProject;
			attributes = {
				LastSwiftUpdateCheck = 1010;
				LastUpgradeCheck = 1010;
				ORGANIZATIONNAME = horothesun;
				TargetAttributes = {
					B3C1E13B2219E37800639EB2 = {
						CreatedOnToolsVersion = 10.1;
					};
					B3C1E14F2219E37900639EB2 = {
						CreatedOnToolsVersion = 10.1;
						TestTargetID = B3C1E13B2219E37800639EB2;
					};
				};
			};
			buildConfigurationList = B3C1E1372219E37800639EB2 /* Build configuration list for PBXProject "Main" */;
			compatibilityVersion = "Xcode 9.3";
			developmentRegion = en;
			hasScannedForEncodings = 0;
			knownRegions = (
				en,
				Base,
			);
			mainGroup = B3C1E1332219E37800639EB2;
			productRefGroup = B3C1E13D2219E37800639EB2 /* Products */;
			projectDirPath = "";
			projectRoot = "";
			targets = (
				B3C1E13B2219E37800639EB2 /* Main */,
				B3C1E14F2219E37900639EB2 /* MainTests */,
			);
		};
/* End PBXProject section */

/* Begin PBXResourcesBuildPhase section */
		B3C1E13A2219E37800639EB2 /* Resources */ = {
			isa = PBXResourcesBuildPhase;
			buildActionMask = 2147483647;
			files = (
				B3C1E14A2219E37900639EB2 /* LaunchScreen.storyboard in Resources */,
				B3C1E1472219E37900639EB2 /* Assets.xcassets in Resources */,
				B3C1E1452219E37800639EB2 /* Main.storyboard in Resources */,
			);
			runOnlyForDeploymentPostprocessing = 0;
		};
		B3C1E14E2219E37900639EB2 /* Resources */ = {
			isa = PBXResourcesBuildPhase;
			buildActionMask = 2147483647;
			files = (
			);
			runOnlyForDeploymentPostprocessing = 0;
		};
/* End PBXResourcesBuildPhase section */

/* Begin PBXShellScriptBuildPhase section */
		0BFFC5DAFEAF0E25D9A3D5BC /* [CP] Embed Pods Frameworks */ = {
			isa = PBXShellScriptBuildPhase;
			buildActionMask = 2147483647;
			files = (
			);
			inputFileListPaths = (
			);
			inputPaths = (
				"${PODS_ROOT}/Target Support Files/Pods-Main/Pods-Main-frameworks.sh",
				"${BUILT_PRODUCTS_DIR}/Common/Common.framework",
				"${BUILT_PRODUCTS_DIR}/FeatureA/FeatureA.framework",
				"${BUILT_PRODUCTS_DIR}/FeatureB/FeatureB.framework",
				"${BUILT_PRODUCTS_DIR}/RxAtomic/RxAtomic.framework",
				"${BUILT_PRODUCTS_DIR}/RxCocoa/RxCocoa.framework",
				"${BUILT_PRODUCTS_DIR}/RxSwift/RxSwift.framework",
				"${BUILT_PRODUCTS_DIR}/RxSwiftExt/RxSwiftExt.framework",
				"${BUILT_PRODUCTS_DIR}/Swinject/Swinject.framework",
				"${BUILT_PRODUCTS_DIR}/SwinjectAutoregistration/SwinjectAutoregistration.framework",
			);
			name = "[CP] Embed Pods Frameworks";
			outputFileListPaths = (
			);
			outputPaths = (
				"${TARGET_BUILD_DIR}/${FRAMEWORKS_FOLDER_PATH}/Common.framework",
				"${TARGET_BUILD_DIR}/${FRAMEWORKS_FOLDER_PATH}/FeatureA.framework",
				"${TARGET_BUILD_DIR}/${FRAMEWORKS_FOLDER_PATH}/FeatureB.framework",
				"${TARGET_BUILD_DIR}/${FRAMEWORKS_FOLDER_PATH}/RxAtomic.framework",
				"${TARGET_BUILD_DIR}/${FRAMEWORKS_FOLDER_PATH}/RxCocoa.framework",
				"${TARGET_BUILD_DIR}/${FRAMEWORKS_FOLDER_PATH}/RxSwift.framework",
				"${TARGET_BUILD_DIR}/${FRAMEWORKS_FOLDER_PATH}/RxSwiftExt.framework",
				"${TARGET_BUILD_DIR}/${FRAMEWORKS_FOLDER_PATH}/Swinject.framework",
				"${TARGET_BUILD_DIR}/${FRAMEWORKS_FOLDER_PATH}/SwinjectAutoregistration.framework",
			);
			runOnlyForDeploymentPostprocessing = 0;
			shellPath = /bin/sh;
			shellScript = "\"${PODS_ROOT}/Target Support Files/Pods-Main/Pods-Main-frameworks.sh\"\n";
			showEnvVarsInLog = 0;
		};
		1085384EF1E6F6BDE03C3127 /* [CP] Embed Pods Frameworks */ = {
			isa = PBXShellScriptBuildPhase;
			buildActionMask = 2147483647;
			files = (
			);
			inputFileListPaths = (
			);
			inputPaths = (
				"${PODS_ROOT}/Target Support Files/Pods-MainTests/Pods-MainTests-frameworks.sh",
				"${BUILT_PRODUCTS_DIR}/RxAtomic/RxAtomic.framework",
				"${BUILT_PRODUCTS_DIR}/RxSwift/RxSwift.framework",
				"${BUILT_PRODUCTS_DIR}/Nimble/Nimble.framework",
				"${BUILT_PRODUCTS_DIR}/Quick/Quick.framework",
				"${BUILT_PRODUCTS_DIR}/RxTest/RxTest.framework",
			);
			name = "[CP] Embed Pods Frameworks";
			outputFileListPaths = (
			);
			outputPaths = (
				"${TARGET_BUILD_DIR}/${FRAMEWORKS_FOLDER_PATH}/RxAtomic.framework",
				"${TARGET_BUILD_DIR}/${FRAMEWORKS_FOLDER_PATH}/RxSwift.framework",
				"${TARGET_BUILD_DIR}/${FRAMEWORKS_FOLDER_PATH}/Nimble.framework",
				"${TARGET_BUILD_DIR}/${FRAMEWORKS_FOLDER_PATH}/Quick.framework",
				"${TARGET_BUILD_DIR}/${FRAMEWORKS_FOLDER_PATH}/RxTest.framework",
			);
			runOnlyForDeploymentPostprocessing = 0;
			shellPath = /bin/sh;
			shellScript = "\"${PODS_ROOT}/Target Support Files/Pods-MainTests/Pods-MainTests-frameworks.sh\"\n";
			showEnvVarsInLog = 0;
		};
		E33E72FD5B8E966D5FE83149 /* [CP] Check Pods Manifest.lock */ = {
			isa = PBXShellScriptBuildPhase;
			buildActionMask = 2147483647;
			files = (
			);
			inputFileListPaths = (
			);
			inputPaths = (
				"${PODS_PODFILE_DIR_PATH}/Podfile.lock",
				"${PODS_ROOT}/Manifest.lock",
			);
			name = "[CP] Check Pods Manifest.lock";
			outputFileListPaths = (
			);
			outputPaths = (
				"$(DERIVED_FILE_DIR)/Pods-MainTests-checkManifestLockResult.txt",
			);
			runOnlyForDeploymentPostprocessing = 0;
			shellPath = /bin/sh;
			shellScript = "diff \"${PODS_PODFILE_DIR_PATH}/Podfile.lock\" \"${PODS_ROOT}/Manifest.lock\" > /dev/null\nif [ $? != 0 ] ; then\n    # print error to STDERR\n    echo \"error: The sandbox is not in sync with the Podfile.lock. Run 'pod install' or update your CocoaPods installation.\" >&2\n    exit 1\nfi\n# This output is used by Xcode 'outputs' to avoid re-running this script phase.\necho \"SUCCESS\" > \"${SCRIPT_OUTPUT_FILE_0}\"\n";
			showEnvVarsInLog = 0;
		};
		FDC71C896011B0D82E725D29 /* [CP] Check Pods Manifest.lock */ = {
			isa = PBXShellScriptBuildPhase;
			buildActionMask = 2147483647;
			files = (
			);
			inputFileListPaths = (
			);
			inputPaths = (
				"${PODS_PODFILE_DIR_PATH}/Podfile.lock",
				"${PODS_ROOT}/Manifest.lock",
			);
			name = "[CP] Check Pods Manifest.lock";
			outputFileListPaths = (
			);
			outputPaths = (
				"$(DERIVED_FILE_DIR)/Pods-Main-checkManifestLockResult.txt",
			);
			runOnlyForDeploymentPostprocessing = 0;
			shellPath = /bin/sh;
			shellScript = "diff \"${PODS_PODFILE_DIR_PATH}/Podfile.lock\" \"${PODS_ROOT}/Manifest.lock\" > /dev/null\nif [ $? != 0 ] ; then\n    # print error to STDERR\n    echo \"error: The sandbox is not in sync with the Podfile.lock. Run 'pod install' or update your CocoaPods installation.\" >&2\n    exit 1\nfi\n# This output is used by Xcode 'outputs' to avoid re-running this script phase.\necho \"SUCCESS\" > \"${SCRIPT_OUTPUT_FILE_0}\"\n";
			showEnvVarsInLog = 0;
		};
/* End PBXShellScriptBuildPhase section */

/* Begin PBXSourcesBuildPhase section */
		B3C1E1382219E37800639EB2 /* Sources */ = {
			isa = PBXSourcesBuildPhase;
			buildActionMask = 2147483647;
			files = (
				B3C1E1422219E37800639EB2 /* ViewController.swift in Sources */,
				B3FF9072221A0A3B00E305C4 /* MainModule.swift in Sources */,
				B3C1E1402219E37800639EB2 /* AppDelegate.swift in Sources */,
			);
			runOnlyForDeploymentPostprocessing = 0;
		};
		B3C1E14C2219E37900639EB2 /* Sources */ = {
			isa = PBXSourcesBuildPhase;
			buildActionMask = 2147483647;
			files = (
				B3C1E1552219E37900639EB2 /* MainTests.swift in Sources */,
			);
			runOnlyForDeploymentPostprocessing = 0;
		};
/* End PBXSourcesBuildPhase section */

/* Begin PBXTargetDependency section */
		B3C1E1522219E37900639EB2 /* PBXTargetDependency */ = {
			isa = PBXTargetDependency;
			target = B3C1E13B2219E37800639EB2 /* Main */;
			targetProxy = B3C1E1512219E37900639EB2 /* PBXContainerItemProxy */;
		};
/* End PBXTargetDependency section */

/* Begin PBXVariantGroup section */
		B3C1E1432219E37800639EB2 /* Main.storyboard */ = {
			isa = PBXVariantGroup;
			children = (
				B3C1E1442219E37800639EB2 /* Base */,
			);
			name = Main.storyboard;
			sourceTree = "<group>";
		};
		B3C1E1482219E37900639EB2 /* LaunchScreen.storyboard */ = {
			isa = PBXVariantGroup;
			children = (
				B3C1E1492219E37900639EB2 /* Base */,
			);
			name = LaunchScreen.storyboard;
			sourceTree = "<group>";
		};
/* End PBXVariantGroup section */

/* Begin XCBuildConfiguration section */
		B3C1E1572219E37900639EB2 /* Debug */ = {
			isa = XCBuildConfiguration;
			buildSettings = {
				ALWAYS_SEARCH_USER_PATHS = NO;
				CLANG_ANALYZER_NONNULL = YES;
				CLANG_ANALYZER_NUMBER_OBJECT_CONVERSION = YES_AGGRESSIVE;
				CLANG_CXX_LANGUAGE_STANDARD = "gnu++14";
				CLANG_CXX_LIBRARY = "libc++";
				CLANG_ENABLE_MODULES = YES;
				CLANG_ENABLE_OBJC_ARC = YES;
				CLANG_ENABLE_OBJC_WEAK = YES;
				CLANG_WARN_BLOCK_CAPTURE_AUTORELEASING = YES;
				CLANG_WARN_BOOL_CONVERSION = YES;
				CLANG_WARN_COMMA = YES;
				CLANG_WARN_CONSTANT_CONVERSION = YES;
				CLANG_WARN_DEPRECATED_OBJC_IMPLEMENTATIONS = YES;
				CLANG_WARN_DIRECT_OBJC_ISA_USAGE = YES_ERROR;
				CLANG_WARN_DOCUMENTATION_COMMENTS = YES;
				CLANG_WARN_EMPTY_BODY = YES;
				CLANG_WARN_ENUM_CONVERSION = YES;
				CLANG_WARN_INFINITE_RECURSION = YES;
				CLANG_WARN_INT_CONVERSION = YES;
				CLANG_WARN_NON_LITERAL_NULL_CONVERSION = YES;
				CLANG_WARN_OBJC_IMPLICIT_RETAIN_SELF = YES;
				CLANG_WARN_OBJC_LITERAL_CONVERSION = YES;
				CLANG_WARN_OBJC_ROOT_CLASS = YES_ERROR;
				CLANG_WARN_RANGE_LOOP_ANALYSIS = YES;
				CLANG_WARN_STRICT_PROTOTYPES = YES;
				CLANG_WARN_SUSPICIOUS_MOVE = YES;
				CLANG_WARN_UNGUARDED_AVAILABILITY = YES_AGGRESSIVE;
				CLANG_WARN_UNREACHABLE_CODE = YES;
				CLANG_WARN__DUPLICATE_METHOD_MATCH = YES;
				CODE_SIGN_IDENTITY = "iPhone Developer";
				COPY_PHASE_STRIP = NO;
				DEBUG_INFORMATION_FORMAT = dwarf;
				ENABLE_STRICT_OBJC_MSGSEND = YES;
				ENABLE_TESTABILITY = YES;
				GCC_C_LANGUAGE_STANDARD = gnu11;
				GCC_DYNAMIC_NO_PIC = NO;
				GCC_NO_COMMON_BLOCKS = YES;
				GCC_OPTIMIZATION_LEVEL = 0;
				GCC_PREPROCESSOR_DEFINITIONS = (
					"DEBUG=1",
					"$(inherited)",
				);
				GCC_WARN_64_TO_32_BIT_CONVERSION = YES;
				GCC_WARN_ABOUT_RETURN_TYPE = YES_ERROR;
				GCC_WARN_UNDECLARED_SELECTOR = YES;
				GCC_WARN_UNINITIALIZED_AUTOS = YES_AGGRESSIVE;
				GCC_WARN_UNUSED_FUNCTION = YES;
				GCC_WARN_UNUSED_VARIABLE = YES;
				IPHONEOS_DEPLOYMENT_TARGET = 12.1;
				MTL_ENABLE_DEBUG_INFO = INCLUDE_SOURCE;
				MTL_FAST_MATH = YES;
				ONLY_ACTIVE_ARCH = YES;
				SDKROOT = iphoneos;
				SWIFT_ACTIVE_COMPILATION_CONDITIONS = DEBUG;
				SWIFT_OPTIMIZATION_LEVEL = "-Onone";
			};
			name = Debug;
		};
		B3C1E1582219E37900639EB2 /* Release */ = {
			isa = XCBuildConfiguration;
			buildSettings = {
				ALWAYS_SEARCH_USER_PATHS = NO;
				CLANG_ANALYZER_NONNULL = YES;
				CLANG_ANALYZER_NUMBER_OBJECT_CONVERSION = YES_AGGRESSIVE;
				CLANG_CXX_LANGUAGE_STANDARD = "gnu++14";
				CLANG_CXX_LIBRARY = "libc++";
				CLANG_ENABLE_MODULES = YES;
				CLANG_ENABLE_OBJC_ARC = YES;
				CLANG_ENABLE_OBJC_WEAK = YES;
				CLANG_WARN_BLOCK_CAPTURE_AUTORELEASING = YES;
				CLANG_WARN_BOOL_CONVERSION = YES;
				CLANG_WARN_COMMA = YES;
				CLANG_WARN_CONSTANT_CONVERSION = YES;
				CLANG_WARN_DEPRECATED_OBJC_IMPLEMENTATIONS = YES;
				CLANG_WARN_DIRECT_OBJC_ISA_USAGE = YES_ERROR;
				CLANG_WARN_DOCUMENTATION_COMMENTS = YES;
				CLANG_WARN_EMPTY_BODY = YES;
				CLANG_WARN_ENUM_CONVERSION = YES;
				CLANG_WARN_INFINITE_RECURSION = YES;
				CLANG_WARN_INT_CONVERSION = YES;
				CLANG_WARN_NON_LITERAL_NULL_CONVERSION = YES;
				CLANG_WARN_OBJC_IMPLICIT_RETAIN_SELF = YES;
				CLANG_WARN_OBJC_LITERAL_CONVERSION = YES;
				CLANG_WARN_OBJC_ROOT_CLASS = YES_ERROR;
				CLANG_WARN_RANGE_LOOP_ANALYSIS = YES;
				CLANG_WARN_STRICT_PROTOTYPES = YES;
				CLANG_WARN_SUSPICIOUS_MOVE = YES;
				CLANG_WARN_UNGUARDED_AVAILABILITY = YES_AGGRESSIVE;
				CLANG_WARN_UNREACHABLE_CODE = YES;
				CLANG_WARN__DUPLICATE_METHOD_MATCH = YES;
				CODE_SIGN_IDENTITY = "iPhone Developer";
				COPY_PHASE_STRIP = NO;
				DEBUG_INFORMATION_FORMAT = "dwarf-with-dsym";
				ENABLE_NS_ASSERTIONS = NO;
				ENABLE_STRICT_OBJC_MSGSEND = YES;
				GCC_C_LANGUAGE_STANDARD = gnu11;
				GCC_NO_COMMON_BLOCKS = YES;
				GCC_WARN_64_TO_32_BIT_CONVERSION = YES;
				GCC_WARN_ABOUT_RETURN_TYPE = YES_ERROR;
				GCC_WARN_UNDECLARED_SELECTOR = YES;
				GCC_WARN_UNINITIALIZED_AUTOS = YES_AGGRESSIVE;
				GCC_WARN_UNUSED_FUNCTION = YES;
				GCC_WARN_UNUSED_VARIABLE = YES;
				IPHONEOS_DEPLOYMENT_TARGET = 12.1;
				MTL_ENABLE_DEBUG_INFO = NO;
				MTL_FAST_MATH = YES;
				SDKROOT = iphoneos;
				SWIFT_COMPILATION_MODE = wholemodule;
				SWIFT_OPTIMIZATION_LEVEL = "-O";
				VALIDATE_PRODUCT = YES;
			};
			name = Release;
		};
		B3C1E15A2219E37900639EB2 /* Debug */ = {
			isa = XCBuildConfiguration;
			baseConfigurationReference = 8371EA950B0974049FF5D4B6 /* Pods-Main.debug.xcconfig */;
			buildSettings = {
				ASSETCATALOG_COMPILER_APPICON_NAME = AppIcon;
				CODE_SIGN_STYLE = Automatic;
				DEVELOPMENT_TEAM = 7SNKL3EHYH;
				INFOPLIST_FILE = Main/Info.plist;
				LD_RUNPATH_SEARCH_PATHS = (
					"$(inherited)",
					"@executable_path/Frameworks",
				);
				PRODUCT_BUNDLE_IDENTIFIER = com.horothesun.Main;
				PRODUCT_NAME = "$(TARGET_NAME)";
				SWIFT_VERSION = 4.2;
				TARGETED_DEVICE_FAMILY = "1,2";
			};
			name = Debug;
		};
		B3C1E15B2219E37900639EB2 /* Release */ = {
			isa = XCBuildConfiguration;
			baseConfigurationReference = 024136CB0B6F764ADDB86579 /* Pods-Main.release.xcconfig */;
			buildSettings = {
				ASSETCATALOG_COMPILER_APPICON_NAME = AppIcon;
				CODE_SIGN_STYLE = Automatic;
				DEVELOPMENT_TEAM = 7SNKL3EHYH;
				INFOPLIST_FILE = Main/Info.plist;
				LD_RUNPATH_SEARCH_PATHS = (
					"$(inherited)",
					"@executable_path/Frameworks",
				);
				PRODUCT_BUNDLE_IDENTIFIER = com.horothesun.Main;
				PRODUCT_NAME = "$(TARGET_NAME)";
				SWIFT_VERSION = 4.2;
				TARGETED_DEVICE_FAMILY = "1,2";
			};
			name = Release;
		};
		B3C1E15D2219E37900639EB2 /* Debug */ = {
			isa = XCBuildConfiguration;
			baseConfigurationReference = C65732689064406EC9154483 /* Pods-MainTests.debug.xcconfig */;
			buildSettings = {
				ALWAYS_EMBED_SWIFT_STANDARD_LIBRARIES = YES;
				BUNDLE_LOADER = "$(TEST_HOST)";
				CODE_SIGN_STYLE = Automatic;
				DEVELOPMENT_TEAM = 7SNKL3EHYH;
				INFOPLIST_FILE = MainTests/Info.plist;
				LD_RUNPATH_SEARCH_PATHS = (
					"$(inherited)",
					"@executable_path/Frameworks",
					"@loader_path/Frameworks",
				);
				PRODUCT_BUNDLE_IDENTIFIER = com.horothesun.MainTests;
				PRODUCT_NAME = "$(TARGET_NAME)";
				SWIFT_VERSION = 4.2;
				TARGETED_DEVICE_FAMILY = "1,2";
				TEST_HOST = "$(BUILT_PRODUCTS_DIR)/Main.app/Main";
			};
			name = Debug;
		};
		B3C1E15E2219E37900639EB2 /* Release */ = {
			isa = XCBuildConfiguration;
			baseConfigurationReference = 5C0EB93CC60B6F778614370B /* Pods-MainTests.release.xcconfig */;
			buildSettings = {
				ALWAYS_EMBED_SWIFT_STANDARD_LIBRARIES = YES;
				BUNDLE_LOADER = "$(TEST_HOST)";
				CODE_SIGN_STYLE = Automatic;
				DEVELOPMENT_TEAM = 7SNKL3EHYH;
				INFOPLIST_FILE = MainTests/Info.plist;
				LD_RUNPATH_SEARCH_PATHS = (
					"$(inherited)",
					"@executable_path/Frameworks",
					"@loader_path/Frameworks",
				);
				PRODUCT_BUNDLE_IDENTIFIER = com.horothesun.MainTests;
				PRODUCT_NAME = "$(TARGET_NAME)";
				SWIFT_VERSION = 4.2;
				TARGETED_DEVICE_FAMILY = "1,2";
				TEST_HOST = "$(BUILT_PRODUCTS_DIR)/Main.app/Main";
			};
			name = Release;
		};
/* End XCBuildConfiguration section */

/* Begin XCConfigurationList section */
		B3C1E1372219E37800639EB2 /* Build configuration list for PBXProject "Main" */ = {
			isa = XCConfigurationList;
			buildConfigurations = (
				B3C1E1572219E37900639EB2 /* Debug */,
				B3C1E1582219E37900639EB2 /* Release */,
			);
			defaultConfigurationIsVisible = 0;
			defaultConfigurationName = Release;
		};
		B3C1E1592219E37900639EB2 /* Build configuration list for PBXNativeTarget "Main" */ = {
			isa = XCConfigurationList;
			buildConfigurations = (
				B3C1E15A2219E37900639EB2 /* Debug */,
				B3C1E15B2219E37900639EB2 /* Release */,
			);
			defaultConfigurationIsVisible = 0;
			defaultConfigurationName = Release;
		};
		B3C1E15C2219E37900639EB2 /* Build configuration list for PBXNativeTarget "MainTests" */ = {
			isa = XCConfigurationList;
			buildConfigurations = (
				B3C1E15D2219E37900639EB2 /* Debug */,
				B3C1E15E2219E37900639EB2 /* Release */,
			);
			defaultConfigurationIsVisible = 0;
			defaultConfigurationName = Release;
		};
/* End XCConfigurationList section */
	};
	rootObject = B3C1E1342219E37800639EB2 /* Project object */;
}
